
Microsoft Visual Studio Solution File, Format Version 12.00
# Visual Studio Version 17
VisualStudioVersion = 17.4.33205.214
MinimumVisualStudioVersion = 10.0.40219.1
Project("{9A19103F-16F7-4668-BE54-9A1E7A4F7556}") = "MyAIAssistant", "ChatGBT_ConsoleApp\MyAIAssistant.csproj", "{2E3B7230-57E5-4124-8CE4-3FE43ED5ADC8}"
EndProject
Global
	GlobalSection(SolutionConfigurationPlatforms) = preSolution
		Debug|Any CPU = Debug|Any CPU
		Release|Any CPU = Release|Any CPU
	EndGlobalSection
	GlobalSection(ProjectConfigurationPlatforms) = postSolution
		{2E3B7230-57E5-4124-8CE4-3FE43ED5ADC8}.Debug|Any CPU.ActiveCfg = Debug|Any CPU
		{2E3B7230-57E5-4124-8CE4-3FE43ED5ADC8}.Debug|Any CPU.Build.0 = Debug|Any CPU
		{2E3B7230-57E5-4124-8CE4-3FE43ED5ADC8}.Release|Any CPU.ActiveCfg = Release|Any CPU
		{2E3B7230-57E5-4124-8CE4-3FE43ED5ADC8}.Release|Any CPU.Build.0 = Release|Any CPU
	EndGlobalSection
	GlobalSection(SolutionProperties) = preSolution
		HideSolutionNode = FALSE
	EndGlobalSection
	GlobalSection(ExtensibilityGlobals) = postSolution
		SolutionGuid = {A497C245-5437-4973-8DF7-1D27059A8AB7}
	EndGlobalSection
EndGlobal
